
Microsoft Visual Studio Solution File, Format Version 12.00
Project("{FAE04EC0-301F-11D3-BF4B-00C04F79EFBC}") = "AdventureF24", "AdventureF24\AdventureF24.csproj", "{2C9B3D7F-566E-4C53-B268-236E66C9A974}"
EndProject
Global
	GlobalSection(SolutionConfigurationPlatforms) = preSolution
		Debug|Any CPU = Debug|Any CPU
		Release|Any CPU = Release|Any CPU
	EndGlobalSection
	GlobalSection(ProjectConfigurationPlatforms) = postSolution
		{2C9B3D7F-566E-4C53-B268-236E66C9A974}.Debug|Any CPU.ActiveCfg = Debug|Any CPU
		{2C9B3D7F-566E-4C53-B268-236E66C9A974}.Debug|Any CPU.Build.0 = Debug|Any CPU
		{2C9B3D7F-566E-4C53-B268-236E66C9A974}.Release|Any CPU.ActiveCfg = Release|Any CPU
		{2C9B3D7F-566E-4C53-B268-236E66C9A974}.Release|Any CPU.Build.0 = Release|Any CPU
	EndGlobalSection
EndGlobal
